
Microsoft Visual Studio Solution File, Format Version 12.00
# Visual Studio Version 16
VisualStudioVersion = 16.0.29324.140
MinimumVisualStudioVersion = 10.0.40219.1
Project("{FAE04EC0-301F-11D3-BF4B-00C04F79EFBC}") = "clientPlayingSOA", "clientPlayingSOA.csproj", "{E67F3D75-9608-432C-91E0-B1A833E67858}"
EndProject
Global
	GlobalSection(SolutionConfigurationPlatforms) = preSolution
		Debug|Any CPU = Debug|Any CPU
		Release|Any CPU = Release|Any CPU
	EndGlobalSection
	GlobalSection(ProjectConfigurationPlatforms) = postSolution
		{E67F3D75-9608-432C-91E0-B1A833E67858}.Debug|Any CPU.ActiveCfg = Debug|Any CPU
		{E67F3D75-9608-432C-91E0-B1A833E67858}.Debug|Any CPU.Build.0 = Debug|Any CPU
		{E67F3D75-9608-432C-91E0-B1A833E67858}.Release|Any CPU.ActiveCfg = Release|Any CPU
		{E67F3D75-9608-432C-91E0-B1A833E67858}.Release|Any CPU.Build.0 = Release|Any CPU
	EndGlobalSection
	GlobalSection(SolutionProperties) = preSolution
		HideSolutionNode = FALSE
	EndGlobalSection
	GlobalSection(ExtensibilityGlobals) = postSolution
		SolutionGuid = {1AB32ED5-B871-42E0-9CB0-EB845F196684}
	EndGlobalSection
EndGlobal
